{
  "name": "star-watcher",
  "version": "1.0.0",
  "lockfileVersion": 1,
  "requires": true,
  "dependencies": {
    "@types/events": {
      "version": "1.2.0",
      "resolved": "https://registry.npmjs.org/@types/events/-/events-1.2.0.tgz",
      "integrity": "sha512-KEIlhXnIutzKwRbQkGWb/I4HFqBuUykAdHgDED6xqwXJfONCjF5VoE0cXEiurh3XauygxzeDzgtXUqvLkxFzzA==",
      "dev": true
    },
    "@types/node": {
      "version": "10.9.4",
      "resolved": "https://registry.npmjs.org/@types/node/-/node-10.9.4.tgz",
      "integrity": "sha512-fCHV45gS+m3hH17zgkgADUSi2RR1Vht6wOZ0jyHP8rjiQra9f+mIcgwPQHllmDocYOstIEbKlxbFDYlgrTPYqw==",
      "dev": true
    },
    "@types/node-fetch": {
      "version": "2.1.2",
      "resolved": "https://registry.npmjs.org/@types/node-fetch/-/node-fetch-2.1.2.tgz",
      "integrity": "sha512-XroxUzLpKuL+CVkQqXlffRkEPi4Gh3Oui/mWyS7ztKiyqVxiU+h3imCW5I2NQmde5jK+3q++36/Q96cyRWsweg==",
      "dev": true,
      "requires": {
        "@types/node": "10.9.4"
      }
    },
    "@types/nodemailer": {
      "version": "4.6.2",
      "resolved": "https://registry.npmjs.org/@types/nodemailer/-/nodemailer-4.6.2.tgz",
      "integrity": "sha512-FZfU5OewHnzPU1YC2XrpIhKDl3A4Aw6BvaOo6d/XeVk43JJ6qzptdo6BZAdMRCtmTqKlUSVmLTMYFgvsU99sug==",
      "dev": true,
      "requires": {
        "@types/events": "1.2.0",
        "@types/node": "10.9.4"
      }
    },
    "node-fetch": {
      "version": "2.2.0",
      "resolved": "https://registry.npmjs.org/node-fetch/-/node-fetch-2.2.0.tgz",
      "integrity": "sha512-OayFWziIxiHY8bCUyLX6sTpDH8Jsbp4FfYd1j1f7vZyfgkcOnAyM4oQR16f8a0s7Gl/viMGRey8eScYk4V4EZA==",
      "dev": true
    },
    "node-mailer": {
      "version": "0.1.1",
      "resolved": "https://registry.npmjs.org/node-mailer/-/node-mailer-0.1.1.tgz",
      "integrity": "sha1-YJ4UqbLDRCJUCzpmk4Fj0dJCFQA=",
      "requires": {
        "nodemailer": "4.6.8"
      }
    },
    "nodemailer": {
      "version": "4.6.8",
      "resolved": "https://registry.npmjs.org/nodemailer/-/nodemailer-4.6.8.tgz",
      "integrity": "sha512-A3s7EM/426OBIZbLHXq2KkgvmKbn2Xga4m4G+ZUA4IaZvG8PcZXrFh+2E4VaS2o+emhuUVRnzKN2YmpkXQ9qwA=="
    }
  }
}
